
Microsoft Visual Studio Solution File, Format Version 12.00
# Visual Studio Version 17
VisualStudioVersion = 17.11.35327.3
MinimumVisualStudioVersion = 10.0.40219.1
Project("{8BC9CEB8-8B4A-11D0-8D11-00A0C91BC942}") = "Task01", "Task01\Task01.vcxproj", "{BD020820-72F8-4335-8004-6914C07E059B}"
EndProject
Project("{8BC9CEB8-8B4A-11D0-8D11-00A0C91BC942}") = "Task02", "Task02\Task02.vcxproj", "{75FBDDB3-D60B-4C4A-81F3-A8038B0FB4EB}"
EndProject
Project("{8BC9CEB8-8B4A-11D0-8D11-00A0C91BC942}") = "Task03", "Task03\Task03.vcxproj", "{62E9629E-B052-4C86-9A05-A17006EFED55}"
EndProject
Project("{8BC9CEB8-8B4A-11D0-8D11-00A0C91BC942}") = "Task04", "Task04\Task04.vcxproj", "{37EDDEB4-3BB6-4ADF-800D-AEF6C2DBBEF9}"
EndProject
Project("{8BC9CEB8-8B4A-11D0-8D11-00A0C91BC942}") = "Task05", "Task05\Task05.vcxproj", "{D822FDB8-D431-431D-8A2E-42991AC35734}"
EndProject
Global
	GlobalSection(SolutionConfigurationPlatforms) = preSolution
		Debug|x64 = Debug|x64
		Debug|x86 = Debug|x86
		Release|x64 = Release|x64
		Release|x86 = Release|x86
	EndGlobalSection
	GlobalSection(ProjectConfigurationPlatforms) = postSolution
		{BD020820-72F8-4335-8004-6914C07E059B}.Debug|x64.ActiveCfg = Debug|x64
		{BD020820-72F8-4335-8004-6914C07E059B}.Debug|x64.Build.0 = Debug|x64
		{BD020820-72F8-4335-8004-6914C07E059B}.Debug|x86.ActiveCfg = Debug|Win32
		{BD020820-72F8-4335-8004-6914C07E059B}.Debug|x86.Build.0 = Debug|Win32
		{BD020820-72F8-4335-8004-6914C07E059B}.Release|x64.ActiveCfg = Release|x64
		{BD020820-72F8-4335-8004-6914C07E059B}.Release|x64.Build.0 = Release|x64
		{BD020820-72F8-4335-8004-6914C07E059B}.Release|x86.ActiveCfg = Release|Win32
		{BD020820-72F8-4335-8004-6914C07E059B}.Release|x86.Build.0 = Release|Win32
		{75FBDDB3-D60B-4C4A-81F3-A8038B0FB4EB}.Debug|x64.ActiveCfg = Debug|x64
		{75FBDDB3-D60B-4C4A-81F3-A8038B0FB4EB}.Debug|x64.Build.0 = Debug|x64
		{75FBDDB3-D60B-4C4A-81F3-A8038B0FB4EB}.Debug|x86.ActiveCfg = Debug|Win32
		{75FBDDB3-D60B-4C4A-81F3-A8038B0FB4EB}.Debug|x86.Build.0 = Debug|Win32
		{75FBDDB3-D60B-4C4A-81F3-A8038B0FB4EB}.Release|x64.ActiveCfg = Release|x64
		{75FBDDB3-D60B-4C4A-81F3-A8038B0FB4EB}.Release|x64.Build.0 = Release|x64
		{75FBDDB3-D60B-4C4A-81F3-A8038B0FB4EB}.Release|x86.ActiveCfg = Release|Win32
		{75FBDDB3-D60B-4C4A-81F3-A8038B0FB4EB}.Release|x86.Build.0 = Release|Win32
		{62E9629E-B052-4C86-9A05-A17006EFED55}.Debug|x64.ActiveCfg = Debug|x64
		{62E9629E-B052-4C86-9A05-A17006EFED55}.Debug|x64.Build.0 = Debug|x64
		{62E9629E-B052-4C86-9A05-A17006EFED55}.Debug|x86.ActiveCfg = Debug|Win32
		{62E9629E-B052-4C86-9A05-A17006EFED55}.Debug|x86.Build.0 = Debug|Win32
		{62E9629E-B052-4C86-9A05-A17006EFED55}.Release|x64.ActiveCfg = Release|x64
		{62E9629E-B052-4C86-9A05-A17006EFED55}.Release|x64.Build.0 = Release|x64
		{62E9629E-B052-4C86-9A05-A17006EFED55}.Release|x86.ActiveCfg = Release|Win32
		{62E9629E-B052-4C86-9A05-A17006EFED55}.Release|x86.Build.0 = Release|Win32
		{37EDDEB4-3BB6-4ADF-800D-AEF6C2DBBEF9}.Debug|x64.ActiveCfg = Debug|x64
		{37EDDEB4-3BB6-4ADF-800D-AEF6C2DBBEF9}.Debug|x64.Build.0 = Debug|x64
		{37EDDEB4-3BB6-4ADF-800D-AEF6C2DBBEF9}.Debug|x86.ActiveCfg = Debug|Win32
		{37EDDEB4-3BB6-4ADF-800D-AEF6C2DBBEF9}.Debug|x86.Build.0 = Debug|Win32
		{37EDDEB4-3BB6-4ADF-800D-AEF6C2DBBEF9}.Release|x64.ActiveCfg = Release|x64
		{37EDDEB4-3BB6-4ADF-800D-AEF6C2DBBEF9}.Release|x64.Build.0 = Release|x64
		{37EDDEB4-3BB6-4ADF-800D-AEF6C2DBBEF9}.Release|x86.ActiveCfg = Release|Win32
		{37EDDEB4-3BB6-4ADF-800D-AEF6C2DBBEF9}.Release|x86.Build.0 = Release|Win32
		{D822FDB8-D431-431D-8A2E-42991AC35734}.Debug|x64.ActiveCfg = Debug|x64
		{D822FDB8-D431-431D-8A2E-42991AC35734}.Debug|x64.Build.0 = Debug|x64
		{D822FDB8-D431-431D-8A2E-42991AC35734}.Debug|x86.ActiveCfg = Debug|Win32
		{D822FDB8-D431-431D-8A2E-42991AC35734}.Debug|x86.Build.0 = Debug|Win32
		{D822FDB8-D431-431D-8A2E-42991AC35734}.Release|x64.ActiveCfg = Release|x64
		{D822FDB8-D431-431D-8A2E-42991AC35734}.Release|x64.Build.0 = Release|x64
		{D822FDB8-D431-431D-8A2E-42991AC35734}.Release|x86.ActiveCfg = Release|Win32
		{D822FDB8-D431-431D-8A2E-42991AC35734}.Release|x86.Build.0 = Release|Win32
	EndGlobalSection
	GlobalSection(SolutionProperties) = preSolution
		HideSolutionNode = FALSE
	EndGlobalSection
	GlobalSection(ExtensibilityGlobals) = postSolution
		SolutionGuid = {EC527275-DFFA-4D30-8311-BA798008895E}
	EndGlobalSection
EndGlobal
